
Microsoft Visual Studio Solution File, Format Version 12.00
# Visual Studio Version 16
VisualStudioVersion = 16.0.31424.327
MinimumVisualStudioVersion = 10.0.40219.1
Project("{FAE04EC0-301F-11D3-BF4B-00C04F79EFBC}") = "BattleShip", "BattleShip\BattleShip.csproj", "{840BA88B-37D9-4CE8-A322-276FF49F8911}"
EndProject
Global
	GlobalSection(SolutionConfigurationPlatforms) = preSolution
		Debug|Any CPU = Debug|Any CPU
		Release|Any CPU = Release|Any CPU
	EndGlobalSection
	GlobalSection(ProjectConfigurationPlatforms) = postSolution
		{840BA88B-37D9-4CE8-A322-276FF49F8911}.Debug|Any CPU.ActiveCfg = Debug|Any CPU
		{840BA88B-37D9-4CE8-A322-276FF49F8911}.Debug|Any CPU.Build.0 = Debug|Any CPU
		{840BA88B-37D9-4CE8-A322-276FF49F8911}.Release|Any CPU.ActiveCfg = Release|Any CPU
		{840BA88B-37D9-4CE8-A322-276FF49F8911}.Release|Any CPU.Build.0 = Release|Any CPU
	EndGlobalSection
	GlobalSection(SolutionProperties) = preSolution
		HideSolutionNode = FALSE
	EndGlobalSection
	GlobalSection(ExtensibilityGlobals) = postSolution
		SolutionGuid = {D1759A9A-430A-452B-9693-F005D2B74406}
	EndGlobalSection
EndGlobal
